
Microsoft Visual Studio Solution File, Format Version 12.00
# Visual Studio Version 16
VisualStudioVersion = 16.0.30523.141
MinimumVisualStudioVersion = 10.0.40219.1
Project("{FAE04EC0-301F-11D3-BF4B-00C04F79EFBC}") = "hindeline", "hindeline\hindeline.csproj", "{46715224-D7B0-411B-A0D5-408CC1FF65DB}"
EndProject
Global
	GlobalSection(SolutionConfigurationPlatforms) = preSolution
		Debug|Any CPU = Debug|Any CPU
		Release|Any CPU = Release|Any CPU
	EndGlobalSection
	GlobalSection(ProjectConfigurationPlatforms) = postSolution
		{46715224-D7B0-411B-A0D5-408CC1FF65DB}.Debug|Any CPU.ActiveCfg = Debug|Any CPU
		{46715224-D7B0-411B-A0D5-408CC1FF65DB}.Debug|Any CPU.Build.0 = Debug|Any CPU
		{46715224-D7B0-411B-A0D5-408CC1FF65DB}.Release|Any CPU.ActiveCfg = Release|Any CPU
		{46715224-D7B0-411B-A0D5-408CC1FF65DB}.Release|Any CPU.Build.0 = Release|Any CPU
	EndGlobalSection
	GlobalSection(SolutionProperties) = preSolution
		HideSolutionNode = FALSE
	EndGlobalSection
	GlobalSection(ExtensibilityGlobals) = postSolution
		SolutionGuid = {781CF108-124C-48A1-95FF-C66B4167EBFC}
	EndGlobalSection
EndGlobal
